
Microsoft Visual Studio Solution File, Format Version 12.00
# Visual Studio Version 16
VisualStudioVersion = 16.0.29609.76
MinimumVisualStudioVersion = 10.0.40219.1
Project("{FAE04EC0-301F-11D3-BF4B-00C04F79EFBC}") = "BookStore", "BookStore.csproj", "{AC265254-18D3-4EAF-8234-C90EB84EE50A}"
EndProject
Global
	GlobalSection(SolutionConfigurationPlatforms) = preSolution
		Debug|Any CPU = Debug|Any CPU
		Release|Any CPU = Release|Any CPU
	EndGlobalSection
	GlobalSection(ProjectConfigurationPlatforms) = postSolution
		{AC265254-18D3-4EAF-8234-C90EB84EE50A}.Debug|Any CPU.ActiveCfg = Debug|Any CPU
		{AC265254-18D3-4EAF-8234-C90EB84EE50A}.Debug|Any CPU.Build.0 = Debug|Any CPU
		{AC265254-18D3-4EAF-8234-C90EB84EE50A}.Release|Any CPU.ActiveCfg = Release|Any CPU
		{AC265254-18D3-4EAF-8234-C90EB84EE50A}.Release|Any CPU.Build.0 = Release|Any CPU
	EndGlobalSection
	GlobalSection(SolutionProperties) = preSolution
		HideSolutionNode = FALSE
	EndGlobalSection
	GlobalSection(ExtensibilityGlobals) = postSolution
		SolutionGuid = {57849F06-57C5-4AC9-AC67-B15B080E5F7C}
	EndGlobalSection
EndGlobal
